
Microsoft Visual Studio Solution File, Format Version 12.00
# Visual Studio Version 17
VisualStudioVersion = 17.14.36705.20 d17.14
MinimumVisualStudioVersion = 10.0.40219.1
Project("{FAE04EC0-301F-11D3-BF4B-00C04F79EFBC}") = "InventoryManagementSystem", "InventoryManagementSystem\InventoryManagementSystem.csproj", "{9BAEDC81-1C97-41EC-A6F1-35DA4756DD7E}"
EndProject
Global
	GlobalSection(SolutionConfigurationPlatforms) = preSolution
		Debug|Any CPU = Debug|Any CPU
		Release|Any CPU = Release|Any CPU
	EndGlobalSection
	GlobalSection(ProjectConfigurationPlatforms) = postSolution
		{9BAEDC81-1C97-41EC-A6F1-35DA4756DD7E}.Debug|Any CPU.ActiveCfg = Debug|Any CPU
		{9BAEDC81-1C97-41EC-A6F1-35DA4756DD7E}.Debug|Any CPU.Build.0 = Debug|Any CPU
		{9BAEDC81-1C97-41EC-A6F1-35DA4756DD7E}.Release|Any CPU.ActiveCfg = Release|Any CPU
		{9BAEDC81-1C97-41EC-A6F1-35DA4756DD7E}.Release|Any CPU.Build.0 = Release|Any CPU
	EndGlobalSection
	GlobalSection(SolutionProperties) = preSolution
		HideSolutionNode = FALSE
	EndGlobalSection
	GlobalSection(ExtensibilityGlobals) = postSolution
		SolutionGuid = {AA8CEFB0-84D7-4BCA-8C8D-065A178AAE76}
	EndGlobalSection
EndGlobal
